
Microsoft Visual Studio Solution File, Format Version 12.00
# Visual Studio Version 18
VisualStudioVersion = 18.0.11205.157 d18.0
MinimumVisualStudioVersion = 10.0.40219.1
Project("{2150E333-8FDC-42A3-9474-1A3956D46DE8}") = "src", "src", "{02EA681E-C7D8-13C7-8484-4AC65E1B71E8}"
EndProject
Project("{2150E333-8FDC-42A3-9474-1A3956D46DE8}") = "Shared", "Shared", "{43EB9170-745B-48D6-A17B-773F52A2FA0B}"
EndProject
Project("{2150E333-8FDC-42A3-9474-1A3956D46DE8}") = "Gateway", "Gateway", "{3D1C26C0-CE04-4D22-AD47-AEE155D52949}"
EndProject
Project("{FAE04EC0-301F-11D3-BF4B-00C04F79EFBC}") = "BuildingBlock", "src\Shared\BuildingBlock\BuildingBlock.csproj", "{3A5FE985-C235-ADC9-B467-5DCF13B9E0F5}"
EndProject
Project("{FAE04EC0-301F-11D3-BF4B-00C04F79EFBC}") = "Contracts", "src\Shared\Contracts\Contracts.csproj", "{803A92E1-07A0-164F-0DC8-23D11B932F75}"
EndProject
Project("{FAE04EC0-301F-11D3-BF4B-00C04F79EFBC}") = "ChatApp.Gateway", "src\Gateway\ChatApp.Gateway\ChatApp.Gateway.csproj", "{2062AAD4-C225-2DF1-72E1-C982A1365574}"
EndProject
Project("{E53339B2-1760-4266-BCC7-CA923CBCF16C}") = "docker-compose", "docker-compose.dcproj", "{81DDED9D-158B-E303-5F62-77A2896D2A5A}"
EndProject
Project("{2150E333-8FDC-42A3-9474-1A3956D46DE8}") = "ChatService", "ChatService", "{870D466B-CDB2-4E01-9185-0D8EFA660F9E}"
EndProject
Project("{FAE04EC0-301F-11D3-BF4B-00C04F79EFBC}") = "ChatService.Api", "src\ChatService\ChatService.Api\ChatService.Api.csproj", "{5C13225D-EF54-4C70-AC2D-395FEC2D0E4E}"
EndProject
Project("{FAE04EC0-301F-11D3-BF4B-00C04F79EFBC}") = "ChatService.Application", "src\ChatService\ChatService.Application\ChatService.Application.csproj", "{DF798A6D-C58D-4565-ACD2-720FE4DF238D}"
EndProject
Project("{FAE04EC0-301F-11D3-BF4B-00C04F79EFBC}") = "ChatService.Domain", "src\ChatService\ChatService.Domain\ChatService.Domain.csproj", "{2384B99E-5DD7-4FA1-BB26-97531B89A3A3}"
EndProject
Project("{FAE04EC0-301F-11D3-BF4B-00C04F79EFBC}") = "ChatService.Infrastructure", "src\ChatService\ChatService.Infrastructure\ChatService.Infrastructure.csproj", "{AF8E34AF-368E-43A0-8D22-54789DAACE8D}"
EndProject
Project("{FAE04EC0-301F-11D3-BF4B-00C04F79EFBC}") = "Utils", "src\Shared\Utils\Utils.csproj", "{ED539AB6-11F7-4FF3-8A97-0CBEB8699D17}"
EndProject
Project("{2150E333-8FDC-42A3-9474-1A3956D46DE8}") = "DeliveryService", "DeliveryService", "{89942900-6368-4E13-8ADC-F750C919BE02}"
EndProject
Project("{FAE04EC0-301F-11D3-BF4B-00C04F79EFBC}") = "DeliveryService.Api", "src\DeliveryService\DeliveryService.Api\DeliveryService.Api.csproj", "{7774A530-D872-4426-A3B2-F53800B31E1D}"
EndProject
Project("{2150E333-8FDC-42A3-9474-1A3956D46DE8}") = "SearchService", "SearchService", "{A6CB67CB-4963-43BF-8EDF-2D0E3AA6518E}"
EndProject
Project("{FAE04EC0-301F-11D3-BF4B-00C04F79EFBC}") = "SearchService.Api", "src\SearchService\SearchService.Api\SearchService.Api.csproj", "{3B0AD388-6412-469E-9DF6-8E150EF108B5}"
EndProject
Global
	GlobalSection(SolutionConfigurationPlatforms) = preSolution
		Debug|Any CPU = Debug|Any CPU
		Release|Any CPU = Release|Any CPU
	EndGlobalSection
	GlobalSection(ProjectConfigurationPlatforms) = postSolution
		{3A5FE985-C235-ADC9-B467-5DCF13B9E0F5}.Debug|Any CPU.ActiveCfg = Debug|Any CPU
		{3A5FE985-C235-ADC9-B467-5DCF13B9E0F5}.Debug|Any CPU.Build.0 = Debug|Any CPU
		{3A5FE985-C235-ADC9-B467-5DCF13B9E0F5}.Release|Any CPU.ActiveCfg = Release|Any CPU
		{3A5FE985-C235-ADC9-B467-5DCF13B9E0F5}.Release|Any CPU.Build.0 = Release|Any CPU
		{803A92E1-07A0-164F-0DC8-23D11B932F75}.Debug|Any CPU.ActiveCfg = Debug|Any CPU
		{803A92E1-07A0-164F-0DC8-23D11B932F75}.Debug|Any CPU.Build.0 = Debug|Any CPU
		{803A92E1-07A0-164F-0DC8-23D11B932F75}.Release|Any CPU.ActiveCfg = Release|Any CPU
		{803A92E1-07A0-164F-0DC8-23D11B932F75}.Release|Any CPU.Build.0 = Release|Any CPU
		{2062AAD4-C225-2DF1-72E1-C982A1365574}.Debug|Any CPU.ActiveCfg = Debug|Any CPU
		{2062AAD4-C225-2DF1-72E1-C982A1365574}.Debug|Any CPU.Build.0 = Debug|Any CPU
		{2062AAD4-C225-2DF1-72E1-C982A1365574}.Release|Any CPU.ActiveCfg = Release|Any CPU
		{2062AAD4-C225-2DF1-72E1-C982A1365574}.Release|Any CPU.Build.0 = Release|Any CPU
		{81DDED9D-158B-E303-5F62-77A2896D2A5A}.Debug|Any CPU.ActiveCfg = Debug|Any CPU
		{81DDED9D-158B-E303-5F62-77A2896D2A5A}.Debug|Any CPU.Build.0 = Debug|Any CPU
		{81DDED9D-158B-E303-5F62-77A2896D2A5A}.Release|Any CPU.ActiveCfg = Release|Any CPU
		{81DDED9D-158B-E303-5F62-77A2896D2A5A}.Release|Any CPU.Build.0 = Release|Any CPU
		{5C13225D-EF54-4C70-AC2D-395FEC2D0E4E}.Debug|Any CPU.ActiveCfg = Debug|Any CPU
		{5C13225D-EF54-4C70-AC2D-395FEC2D0E4E}.Debug|Any CPU.Build.0 = Debug|Any CPU
		{5C13225D-EF54-4C70-AC2D-395FEC2D0E4E}.Release|Any CPU.ActiveCfg = Release|Any CPU
		{5C13225D-EF54-4C70-AC2D-395FEC2D0E4E}.Release|Any CPU.Build.0 = Release|Any CPU
		{DF798A6D-C58D-4565-ACD2-720FE4DF238D}.Debug|Any CPU.ActiveCfg = Debug|Any CPU
		{DF798A6D-C58D-4565-ACD2-720FE4DF238D}.Debug|Any CPU.Build.0 = Debug|Any CPU
		{DF798A6D-C58D-4565-ACD2-720FE4DF238D}.Release|Any CPU.ActiveCfg = Release|Any CPU
		{DF798A6D-C58D-4565-ACD2-720FE4DF238D}.Release|Any CPU.Build.0 = Release|Any CPU
		{2384B99E-5DD7-4FA1-BB26-97531B89A3A3}.Debug|Any CPU.ActiveCfg = Debug|Any CPU
		{2384B99E-5DD7-4FA1-BB26-97531B89A3A3}.Debug|Any CPU.Build.0 = Debug|Any CPU
		{2384B99E-5DD7-4FA1-BB26-97531B89A3A3}.Release|Any CPU.ActiveCfg = Release|Any CPU
		{2384B99E-5DD7-4FA1-BB26-97531B89A3A3}.Release|Any CPU.Build.0 = Release|Any CPU
		{AF8E34AF-368E-43A0-8D22-54789DAACE8D}.Debug|Any CPU.ActiveCfg = Debug|Any CPU
		{AF8E34AF-368E-43A0-8D22-54789DAACE8D}.Debug|Any CPU.Build.0 = Debug|Any CPU
		{AF8E34AF-368E-43A0-8D22-54789DAACE8D}.Release|Any CPU.ActiveCfg = Release|Any CPU
		{AF8E34AF-368E-43A0-8D22-54789DAACE8D}.Release|Any CPU.Build.0 = Release|Any CPU
		{ED539AB6-11F7-4FF3-8A97-0CBEB8699D17}.Debug|Any CPU.ActiveCfg = Debug|Any CPU
		{ED539AB6-11F7-4FF3-8A97-0CBEB8699D17}.Debug|Any CPU.Build.0 = Debug|Any CPU
		{ED539AB6-11F7-4FF3-8A97-0CBEB8699D17}.Release|Any CPU.ActiveCfg = Release|Any CPU
		{ED539AB6-11F7-4FF3-8A97-0CBEB8699D17}.Release|Any CPU.Build.0 = Release|Any CPU
		{7774A530-D872-4426-A3B2-F53800B31E1D}.Debug|Any CPU.ActiveCfg = Debug|Any CPU
		{7774A530-D872-4426-A3B2-F53800B31E1D}.Debug|Any CPU.Build.0 = Debug|Any CPU
		{7774A530-D872-4426-A3B2-F53800B31E1D}.Release|Any CPU.ActiveCfg = Release|Any CPU
		{7774A530-D872-4426-A3B2-F53800B31E1D}.Release|Any CPU.Build.0 = Release|Any CPU
		{3B0AD388-6412-469E-9DF6-8E150EF108B5}.Debug|Any CPU.ActiveCfg = Debug|Any CPU
		{3B0AD388-6412-469E-9DF6-8E150EF108B5}.Debug|Any CPU.Build.0 = Debug|Any CPU
		{3B0AD388-6412-469E-9DF6-8E150EF108B5}.Release|Any CPU.ActiveCfg = Release|Any CPU
		{3B0AD388-6412-469E-9DF6-8E150EF108B5}.Release|Any CPU.Build.0 = Release|Any CPU
	EndGlobalSection
	GlobalSection(SolutionProperties) = preSolution
		HideSolutionNode = FALSE
	EndGlobalSection
	GlobalSection(NestedProjects) = preSolution
		{43EB9170-745B-48D6-A17B-773F52A2FA0B} = {02EA681E-C7D8-13C7-8484-4AC65E1B71E8}
		{3D1C26C0-CE04-4D22-AD47-AEE155D52949} = {02EA681E-C7D8-13C7-8484-4AC65E1B71E8}
		{3A5FE985-C235-ADC9-B467-5DCF13B9E0F5} = {43EB9170-745B-48D6-A17B-773F52A2FA0B}
		{803A92E1-07A0-164F-0DC8-23D11B932F75} = {43EB9170-745B-48D6-A17B-773F52A2FA0B}
		{2062AAD4-C225-2DF1-72E1-C982A1365574} = {3D1C26C0-CE04-4D22-AD47-AEE155D52949}
		{870D466B-CDB2-4E01-9185-0D8EFA660F9E} = {02EA681E-C7D8-13C7-8484-4AC65E1B71E8}
		{5C13225D-EF54-4C70-AC2D-395FEC2D0E4E} = {870D466B-CDB2-4E01-9185-0D8EFA660F9E}
		{DF798A6D-C58D-4565-ACD2-720FE4DF238D} = {870D466B-CDB2-4E01-9185-0D8EFA660F9E}
		{2384B99E-5DD7-4FA1-BB26-97531B89A3A3} = {870D466B-CDB2-4E01-9185-0D8EFA660F9E}
		{AF8E34AF-368E-43A0-8D22-54789DAACE8D} = {870D466B-CDB2-4E01-9185-0D8EFA660F9E}
		{ED539AB6-11F7-4FF3-8A97-0CBEB8699D17} = {43EB9170-745B-48D6-A17B-773F52A2FA0B}
		{89942900-6368-4E13-8ADC-F750C919BE02} = {02EA681E-C7D8-13C7-8484-4AC65E1B71E8}
		{7774A530-D872-4426-A3B2-F53800B31E1D} = {89942900-6368-4E13-8ADC-F750C919BE02}
		{A6CB67CB-4963-43BF-8EDF-2D0E3AA6518E} = {02EA681E-C7D8-13C7-8484-4AC65E1B71E8}
		{3B0AD388-6412-469E-9DF6-8E150EF108B5} = {A6CB67CB-4963-43BF-8EDF-2D0E3AA6518E}
	EndGlobalSection
	GlobalSection(ExtensibilityGlobals) = postSolution
		SolutionGuid = {A0CA8DB8-E52A-4CB5-8B89-FED69DA7F562}
	EndGlobalSection
EndGlobal
